// !$*UTF8*$!
{
	archiveVersion = 1;
	classes = {
	};
	objectVersion = 55;
	objects = {

/* Begin PBXBuildFile section */
		B2070C6327DB7EF200BF91A5 /* AppDelegate.swift in Sources */ = {isa = PBXBuildFile; fileRef = B2070C6227DB7EF200BF91A5 /* AppDelegate.swift */; };
		B2070C6527DB7EF200BF91A5 /* SceneDelegate.swift in Sources */ = {isa = PBXBuildFile; fileRef = B2070C6427DB7EF200BF91A5 /* SceneDelegate.swift */; };
		B2070C6727DB7EF200BF91A5 /* ViewController.swift in Sources */ = {isa = PBXBuildFile; fileRef = B2070C6627DB7EF200BF91A5 /* ViewController.swift */; };
		B2070C6A27DB7EF200BF91A5 /* Main.storyboard in Resources */ = {isa = PBXBuildFile; fileRef = B2070C6827DB7EF200BF91A5 /* Main.storyboard */; };
		B2070C6C27DB7EF400BF91A5 /* Assets.xcassets in Resources */ = {isa = PBXBuildFile; fileRef = B2070C6B27DB7EF400BF91A5 /* Assets.xcassets */; };
		B2070C6F27DB7EF400BF91A5 /* LaunchScreen.storyboard in Resources */ = {isa = PBXBuildFile; fileRef = B2070C6D27DB7EF400BF91A5 /* LaunchScreen.storyboard */; };
		B2C1E07527DED0EF0080B5E0 /* StoryboardBasedViewController.swift in Sources */ = {isa = PBXBuildFile; fileRef = B2C1E07427DED0EF0080B5E0 /* StoryboardBasedViewController.swift */; };
		B2C1E07D27DED3500080B5E0 /* StoryboardBasedViewControllerTests.swift in Sources */ = {isa = PBXBuildFile; fileRef = B2C1E07C27DED3500080B5E0 /* StoryboardBasedViewControllerTests.swift */; };
		B2C1E08527DEDA9F0080B5E0 /* XIBBasedViewController.swift in Sources */ = {isa = PBXBuildFile; fileRef = B2C1E08327DEDA9F0080B5E0 /* XIBBasedViewController.swift */; };
		B2C1E08627DEDA9F0080B5E0 /* XIBBasedViewController.xib in Resources */ = {isa = PBXBuildFile; fileRef = B2C1E08427DEDA9F0080B5E0 /* XIBBasedViewController.xib */; };
		B2C1E08E27DEDBCE0080B5E0 /* XIBBasedViewControllersTests.swift in Sources */ = {isa = PBXBuildFile; fileRef = B2C1E08D27DEDBCE0080B5E0 /* XIBBasedViewControllersTests.swift */; };
		B2C1E09527DEDF630080B5E0 /* CodeBasedViewController.swift in Sources */ = {isa = PBXBuildFile; fileRef = B2C1E09427DEDF630080B5E0 /* CodeBasedViewController.swift */; };
		B2C1E09D27DEE10A0080B5E0 /* CodeBasedViewControllersTests.swift in Sources */ = {isa = PBXBuildFile; fileRef = B2C1E09C27DEE10A0080B5E0 /* CodeBasedViewControllersTests.swift */; };
/* End PBXBuildFile section */

/* Begin PBXContainerItemProxy section */
		B2C1E07E27DED3500080B5E0 /* PBXContainerItemProxy */ = {
			isa = PBXContainerItemProxy;
			containerPortal = B2070C5727DB7EF200BF91A5 /* Project object */;
			proxyType = 1;
			remoteGlobalIDString = B2070C5E27DB7EF200BF91A5;
			remoteInfo = LoadViewControllers;
		};
		B2C1E08F27DEDBCE0080B5E0 /* PBXContainerItemProxy */ = {
			isa = PBXContainerItemProxy;
			containerPortal = B2070C5727DB7EF200BF91A5 /* Project object */;
			proxyType = 1;
			remoteGlobalIDString = B2070C5E27DB7EF200BF91A5;
			remoteInfo = LoadViewControllers;
		};
		B2C1E09E27DEE10A0080B5E0 /* PBXContainerItemProxy */ = {
			isa = PBXContainerItemProxy;
			containerPortal = B2070C5727DB7EF200BF91A5 /* Project object */;
			proxyType = 1;
			remoteGlobalIDString = B2070C5E27DB7EF200BF91A5;
			remoteInfo = LoadViewControllers;
		};
/* End PBXContainerItemProxy section */

/* Begin PBXFileReference section */
		B2070C5F27DB7EF200BF91A5 /* LoadViewControllers.app */ = {isa = PBXFileReference; explicitFileType = wrapper.application; includeInIndex = 0; path = LoadViewControllers.app; sourceTree = BUILT_PRODUCTS_DIR; };
		B2070C6227DB7EF200BF91A5 /* AppDelegate.swift */ = {isa = PBXFileReference; lastKnownFileType = sourcecode.swift; path = AppDelegate.swift; sourceTree = "<group>"; };
		B2070C6427DB7EF200BF91A5 /* SceneDelegate.swift */ = {isa = PBXFileReference; lastKnownFileType = sourcecode.swift; path = SceneDelegate.swift; sourceTree = "<group>"; };
		B2070C6627DB7EF200BF91A5 /* ViewController.swift */ = {isa = PBXFileReference; lastKnownFileType = sourcecode.swift; path = ViewController.swift; sourceTree = "<group>"; };
		B2070C6927DB7EF200BF91A5 /* Base */ = {isa = PBXFileReference; lastKnownFileType = file.storyboard; name = Base; path = Base.lproj/Main.storyboard; sourceTree = "<group>"; };
		B2070C6B27DB7EF400BF91A5 /* Assets.xcassets */ = {isa = PBXFileReference; lastKnownFileType = folder.assetcatalog; path = Assets.xcassets; sourceTree = "<group>"; };
		B2070C6E27DB7EF400BF91A5 /* Base */ = {isa = PBXFileReference; lastKnownFileType = file.storyboard; name = Base; path = Base.lproj/LaunchScreen.storyboard; sourceTree = "<group>"; };
		B2070C7027DB7EF400BF91A5 /* Info.plist */ = {isa = PBXFileReference; lastKnownFileType = text.plist.xml; path = Info.plist; sourceTree = "<group>"; };
		B2C1E07427DED0EF0080B5E0 /* StoryboardBasedViewController.swift */ = {isa = PBXFileReference; lastKnownFileType = sourcecode.swift; path = StoryboardBasedViewController.swift; sourceTree = "<group>"; };
		B2C1E07A27DED3500080B5E0 /* StoryboardBasedViewControllerTests.xctest */ = {isa = PBXFileReference; explicitFileType = wrapper.cfbundle; includeInIndex = 0; path = StoryboardBasedViewControllerTests.xctest; sourceTree = BUILT_PRODUCTS_DIR; };
		B2C1E07C27DED3500080B5E0 /* StoryboardBasedViewControllerTests.swift */ = {isa = PBXFileReference; lastKnownFileType = sourcecode.swift; path = StoryboardBasedViewControllerTests.swift; sourceTree = "<group>"; };
		B2C1E08327DEDA9F0080B5E0 /* XIBBasedViewController.swift */ = {isa = PBXFileReference; lastKnownFileType = sourcecode.swift; path = XIBBasedViewController.swift; sourceTree = "<group>"; };
		B2C1E08427DEDA9F0080B5E0 /* XIBBasedViewController.xib */ = {isa = PBXFileReference; lastKnownFileType = file.xib; path = XIBBasedViewController.xib; sourceTree = "<group>"; };
		B2C1E08B27DEDBCE0080B5E0 /* XIBBasedViewControllersTests.xctest */ = {isa = PBXFileReference; explicitFileType = wrapper.cfbundle; includeInIndex = 0; path = XIBBasedViewControllersTests.xctest; sourceTree = BUILT_PRODUCTS_DIR; };
		B2C1E08D27DEDBCE0080B5E0 /* XIBBasedViewControllersTests.swift */ = {isa = PBXFileReference; lastKnownFileType = sourcecode.swift; path = XIBBasedViewControllersTests.swift; sourceTree = "<group>"; };
		B2C1E09427DEDF630080B5E0 /* CodeBasedViewController.swift */ = {isa = PBXFileReference; lastKnownFileType = sourcecode.swift; path = CodeBasedViewController.swift; sourceTree = "<group>"; };
		B2C1E09A27DEE10A0080B5E0 /* CodeBasedViewControllersTests.xctest */ = {isa = PBXFileReference; explicitFileType = wrapper.cfbundle; includeInIndex = 0; path = CodeBasedViewControllersTests.xctest; sourceTree = BUILT_PRODUCTS_DIR; };
		B2C1E09C27DEE10A0080B5E0 /* CodeBasedViewControllersTests.swift */ = {isa = PBXFileReference; lastKnownFileType = sourcecode.swift; path = CodeBasedViewControllersTests.swift; sourceTree = "<group>"; };
/* End PBXFileReference section */

/* Begin PBXFrameworksBuildPhase section */
		B2070C5C27DB7EF200BF91A5 /* Frameworks */ = {
			isa = PBXFrameworksBuildPhase;
			buildActionMask = 2147483647;
			files = (
			);
			runOnlyForDeploymentPostprocessing = 0;
		};
		B2C1E07727DED3500080B5E0 /* Frameworks */ = {
			isa = PBXFrameworksBuildPhase;
			buildActionMask = 2147483647;
			files = (
			);
			runOnlyForDeploymentPostprocessing = 0;
		};
		B2C1E08827DEDBCE0080B5E0 /* Frameworks */ = {
			isa = PBXFrameworksBuildPhase;
			buildActionMask = 2147483647;
			files = (
			);
			runOnlyForDeploymentPostprocessing = 0;
		};
		B2C1E09727DEE10A0080B5E0 /* Frameworks */ = {
			isa = PBXFrameworksBuildPhase;
			buildActionMask = 2147483647;
			files = (
			);
			runOnlyForDeploymentPostprocessing = 0;
		};
/* End PBXFrameworksBuildPhase section */

/* Begin PBXGroup section */
		B2070C5627DB7EF200BF91A5 = {
			isa = PBXGroup;
			children = (
				B2070C6127DB7EF200BF91A5 /* LoadViewControllers */,
				B2C1E07B27DED3500080B5E0 /* StoryboardBasedViewControllerTests */,
				B2C1E08C27DEDBCE0080B5E0 /* XIBBasedViewControllersTests */,
				B2C1E09B27DEE10A0080B5E0 /* CodeBasedViewControllersTests */,
				B2070C6027DB7EF200BF91A5 /* Products */,
			);
			sourceTree = "<group>";
		};
		B2070C6027DB7EF200BF91A5 /* Products */ = {
			isa = PBXGroup;
			children = (
				B2070C5F27DB7EF200BF91A5 /* LoadViewControllers.app */,
				B2C1E07A27DED3500080B5E0 /* StoryboardBasedViewControllerTests.xctest */,
				B2C1E08B27DEDBCE0080B5E0 /* XIBBasedViewControllersTests.xctest */,
				B2C1E09A27DEE10A0080B5E0 /* CodeBasedViewControllersTests.xctest */,
			);
			name = Products;
			sourceTree = "<group>";
		};
		B2070C6127DB7EF200BF91A5 /* LoadViewControllers */ = {
			isa = PBXGroup;
			children = (
				B2070C6227DB7EF200BF91A5 /* AppDelegate.swift */,
				B2070C6427DB7EF200BF91A5 /* SceneDelegate.swift */,
				B2C1E07427DED0EF0080B5E0 /* StoryboardBasedViewController.swift */,
				B2070C6627DB7EF200BF91A5 /* ViewController.swift */,
				B2070C6827DB7EF200BF91A5 /* Main.storyboard */,
				B2070C6B27DB7EF400BF91A5 /* Assets.xcassets */,
				B2070C6D27DB7EF400BF91A5 /* LaunchScreen.storyboard */,
				B2070C7027DB7EF400BF91A5 /* Info.plist */,
				B2C1E08327DEDA9F0080B5E0 /* XIBBasedViewController.swift */,
				B2C1E08427DEDA9F0080B5E0 /* XIBBasedViewController.xib */,
				B2C1E09427DEDF630080B5E0 /* CodeBasedViewController.swift */,
			);
			path = LoadViewControllers;
			sourceTree = "<group>";
		};
		B2C1E07B27DED3500080B5E0 /* StoryboardBasedViewControllerTests */ = {
			isa = PBXGroup;
			children = (
				B2C1E07C27DED3500080B5E0 /* StoryboardBasedViewControllerTests.swift */,
			);
			path = StoryboardBasedViewControllerTests;
			sourceTree = "<group>";
		};
		B2C1E08C27DEDBCE0080B5E0 /* XIBBasedViewControllersTests */ = {
			isa = PBXGroup;
			children = (
				B2C1E08D27DEDBCE0080B5E0 /* XIBBasedViewControllersTests.swift */,
			);
			path = XIBBasedViewControllersTests;
			sourceTree = "<group>";
		};
		B2C1E09B27DEE10A0080B5E0 /* CodeBasedViewControllersTests */ = {
			isa = PBXGroup;
			children = (
				B2C1E09C27DEE10A0080B5E0 /* CodeBasedViewControllersTests.swift */,
			);
			path = CodeBasedViewControllersTests;
			sourceTree = "<group>";
		};
/* End PBXGroup section */

/* Begin PBXNativeTarget section */
		B2070C5E27DB7EF200BF91A5 /* LoadViewControllers */ = {
			isa = PBXNativeTarget;
			buildConfigurationList = B2070C7327DB7EF400BF91A5 /* Build configuration list for PBXNativeTarget "LoadViewControllers" */;
			buildPhases = (
				B2070C5B27DB7EF200BF91A5 /* Sources */,
				B2070C5C27DB7EF200BF91A5 /* Frameworks */,
				B2070C5D27DB7EF200BF91A5 /* Resources */,
			);
			buildRules = (
			);
			dependencies = (
			);
			name = LoadViewControllers;
			productName = LoadViewControllers;
			productReference = B2070C5F27DB7EF200BF91A5 /* LoadViewControllers.app */;
			productType = "com.apple.product-type.application";
		};
		B2C1E07927DED3500080B5E0 /* StoryboardBasedViewControllerTests */ = {
			isa = PBXNativeTarget;
			buildConfigurationList = B2C1E08027DED3500080B5E0 /* Build configuration list for PBXNativeTarget "StoryboardBasedViewControllerTests" */;
			buildPhases = (
				B2C1E07627DED3500080B5E0 /* Sources */,
				B2C1E07727DED3500080B5E0 /* Frameworks */,
				B2C1E07827DED3500080B5E0 /* Resources */,
			);
			buildRules = (
			);
			dependencies = (
				B2C1E07F27DED3500080B5E0 /* PBXTargetDependency */,
			);
			name = StoryboardBasedViewControllerTests;
			productName = StoryboardBasedViewControllerTests;
			productReference = B2C1E07A27DED3500080B5E0 /* StoryboardBasedViewControllerTests.xctest */;
			productType = "com.apple.product-type.bundle.unit-test";
		};
		B2C1E08A27DEDBCE0080B5E0 /* XIBBasedViewControllersTests */ = {
			isa = PBXNativeTarget;
			buildConfigurationList = B2C1E09127DEDBCE0080B5E0 /* Build configuration list for PBXNativeTarget "XIBBasedViewControllersTests" */;
			buildPhases = (
				B2C1E08727DEDBCE0080B5E0 /* Sources */,
				B2C1E08827DEDBCE0080B5E0 /* Frameworks */,
				B2C1E08927DEDBCE0080B5E0 /* Resources */,
			);
			buildRules = (
			);
			dependencies = (
				B2C1E09027DEDBCE0080B5E0 /* PBXTargetDependency */,
			);
			name = XIBBasedViewControllersTests;
			productName = XIBBasedViewControllersTests;
			productReference = B2C1E08B27DEDBCE0080B5E0 /* XIBBasedViewControllersTests.xctest */;
			productType = "com.apple.product-type.bundle.unit-test";
		};
		B2C1E09927DEE10A0080B5E0 /* CodeBasedViewControllersTests */ = {
			isa = PBXNativeTarget;
			buildConfigurationList = B2C1E0A027DEE10A0080B5E0 /* Build configuration list for PBXNativeTarget "CodeBasedViewControllersTests" */;
			buildPhases = (
				B2C1E09627DEE10A0080B5E0 /* Sources */,
				B2C1E09727DEE10A0080B5E0 /* Frameworks */,
				B2C1E09827DEE10A0080B5E0 /* Resources */,
			);
			buildRules = (
			);
			dependencies = (
				B2C1E09F27DEE10A0080B5E0 /* PBXTargetDependency */,
			);
			name = CodeBasedViewControllersTests;
			productName = CodeBasedViewControllersTests;
			productReference = B2C1E09A27DEE10A0080B5E0 /* CodeBasedViewControllersTests.xctest */;
			productType = "com.apple.product-type.bundle.unit-test";
		};
/* End PBXNativeTarget section */

/* Begin PBXProject section */
		B2070C5727DB7EF200BF91A5 /* Project object */ = {
			isa = PBXProject;
			attributes = {
				BuildIndependentTargetsInParallel = 1;
				LastSwiftUpdateCheck = 1320;
				LastUpgradeCheck = 1320;
				TargetAttributes = {
					B2070C5E27DB7EF200BF91A5 = {
						CreatedOnToolsVersion = 13.2.1;
					};
					B2C1E07927DED3500080B5E0 = {
						CreatedOnToolsVersion = 13.2.1;
						TestTargetID = B2070C5E27DB7EF200BF91A5;
					};
					B2C1E08A27DEDBCE0080B5E0 = {
						CreatedOnToolsVersion = 13.2.1;
						TestTargetID = B2070C5E27DB7EF200BF91A5;
					};
					B2C1E09927DEE10A0080B5E0 = {
						CreatedOnToolsVersion = 13.2.1;
						TestTargetID = B2070C5E27DB7EF200BF91A5;
					};
				};
			};
			buildConfigurationList = B2070C5A27DB7EF200BF91A5 /* Build configuration list for PBXProject "LoadViewControllers" */;
			compatibilityVersion = "Xcode 13.0";
			developmentRegion = en;
			hasScannedForEncodings = 0;
			knownRegions = (
				en,
				Base,
			);
			mainGroup = B2070C5627DB7EF200BF91A5;
			productRefGroup = B2070C6027DB7EF200BF91A5 /* Products */;
			projectDirPath = "";
			projectRoot = "";
			targets = (
				B2070C5E27DB7EF200BF91A5 /* LoadViewControllers */,
				B2C1E07927DED3500080B5E0 /* StoryboardBasedViewControllerTests */,
				B2C1E08A27DEDBCE0080B5E0 /* XIBBasedViewControllersTests */,
				B2C1E09927DEE10A0080B5E0 /* CodeBasedViewControllersTests */,
			);
		};
/* End PBXProject section */

/* Begin PBXResourcesBuildPhase section */
		B2070C5D27DB7EF200BF91A5 /* Resources */ = {
			isa = PBXResourcesBuildPhase;
			buildActionMask = 2147483647;
			files = (
				B2C1E08627DEDA9F0080B5E0 /* XIBBasedViewController.xib in Resources */,
				B2070C6F27DB7EF400BF91A5 /* LaunchScreen.storyboard in Resources */,
				B2070C6C27DB7EF400BF91A5 /* Assets.xcassets in Resources */,
				B2070C6A27DB7EF200BF91A5 /* Main.storyboard in Resources */,
			);
			runOnlyForDeploymentPostprocessing = 0;
		};
		B2C1E07827DED3500080B5E0 /* Resources */ = {
			isa = PBXResourcesBuildPhase;
			buildActionMask = 2147483647;
			files = (
			);
			runOnlyForDeploymentPostprocessing = 0;
		};
		B2C1E08927DEDBCE0080B5E0 /* Resources */ = {
			isa = PBXResourcesBuildPhase;
			buildActionMask = 2147483647;
			files = (
			);
			runOnlyForDeploymentPostprocessing = 0;
		};
		B2C1E09827DEE10A0080B5E0 /* Resources */ = {
			isa = PBXResourcesBuildPhase;
			buildActionMask = 2147483647;
			files = (
			);
			runOnlyForDeploymentPostprocessing = 0;
		};
/* End PBXResourcesBuildPhase section */

/* Begin PBXSourcesBuildPhase section */
		B2070C5B27DB7EF200BF91A5 /* Sources */ = {
			isa = PBXSourcesBuildPhase;
			buildActionMask = 2147483647;
			files = (
				B2070C6727DB7EF200BF91A5 /* ViewController.swift in Sources */,
				B2C1E09527DEDF630080B5E0 /* CodeBasedViewController.swift in Sources */,
				B2C1E08527DEDA9F0080B5E0 /* XIBBasedViewController.swift in Sources */,
				B2C1E07527DED0EF0080B5E0 /* StoryboardBasedViewController.swift in Sources */,
				B2070C6327DB7EF200BF91A5 /* AppDelegate.swift in Sources */,
				B2070C6527DB7EF200BF91A5 /* SceneDelegate.swift in Sources */,
			);
			runOnlyForDeploymentPostprocessing = 0;
		};
		B2C1E07627DED3500080B5E0 /* Sources */ = {
			isa = PBXSourcesBuildPhase;
			buildActionMask = 2147483647;
			files = (
				B2C1E07D27DED3500080B5E0 /* StoryboardBasedViewControllerTests.swift in Sources */,
			);
			runOnlyForDeploymentPostprocessing = 0;
		};
		B2C1E08727DEDBCE0080B5E0 /* Sources */ = {
			isa = PBXSourcesBuildPhase;
			buildActionMask = 2147483647;
			files = (
				B2C1E08E27DEDBCE0080B5E0 /* XIBBasedViewControllersTests.swift in Sources */,
			);
			runOnlyForDeploymentPostprocessing = 0;
		};
		B2C1E09627DEE10A0080B5E0 /* Sources */ = {
			isa = PBXSourcesBuildPhase;
			buildActionMask = 2147483647;
			files = (
				B2C1E09D27DEE10A0080B5E0 /* CodeBasedViewControllersTests.swift in Sources */,
			);
			runOnlyForDeploymentPostprocessing = 0;
		};
/* End PBXSourcesBuildPhase section */

/* Begin PBXTargetDependency section */
		B2C1E07F27DED3500080B5E0 /* PBXTargetDependency */ = {
			isa = PBXTargetDependency;
			target = B2070C5E27DB7EF200BF91A5 /* LoadViewControllers */;
			targetProxy = B2C1E07E27DED3500080B5E0 /* PBXContainerItemProxy */;
		};
		B2C1E09027DEDBCE0080B5E0 /* PBXTargetDependency */ = {
			isa = PBXTargetDependency;
			target = B2070C5E27DB7EF200BF91A5 /* LoadViewControllers */;
			targetProxy = B2C1E08F27DEDBCE0080B5E0 /* PBXContainerItemProxy */;
		};
		B2C1E09F27DEE10A0080B5E0 /* PBXTargetDependency */ = {
			isa = PBXTargetDependency;
			target = B2070C5E27DB7EF200BF91A5 /* LoadViewControllers */;
			targetProxy = B2C1E09E27DEE10A0080B5E0 /* PBXContainerItemProxy */;
		};
/* End PBXTargetDependency section */

/* Begin PBXVariantGroup section */
		B2070C6827DB7EF200BF91A5 /* Main.storyboard */ = {
			isa = PBXVariantGroup;
			children = (
				B2070C6927DB7EF200BF91A5 /* Base */,
			);
			name = Main.storyboard;
			sourceTree = "<group>";
		};
		B2070C6D27DB7EF400BF91A5 /* LaunchScreen.storyboard */ = {
			isa = PBXVariantGroup;
			children = (
				B2070C6E27DB7EF400BF91A5 /* Base */,
			);
			name = LaunchScreen.storyboard;
			sourceTree = "<group>";
		};
/* End PBXVariantGroup section */

/* Begin XCBuildConfiguration section */
		B2070C7127DB7EF400BF91A5 /* Debug */ = {
			isa = XCBuildConfiguration;
			buildSettings = {
				ALWAYS_SEARCH_USER_PATHS = NO;
				CLANG_ANALYZER_NONNULL = YES;
				CLANG_ANALYZER_NUMBER_OBJECT_CONVERSION = YES_AGGRESSIVE;
				CLANG_CXX_LANGUAGE_STANDARD = "gnu++17";
				CLANG_CXX_LIBRARY = "libc++";
				CLANG_ENABLE_MODULES = YES;
				CLANG_ENABLE_OBJC_ARC = YES;
				CLANG_ENABLE_OBJC_WEAK = YES;
				CLANG_WARN_BLOCK_CAPTURE_AUTORELEASING = YES;
				CLANG_WARN_BOOL_CONVERSION = YES;
				CLANG_WARN_COMMA = YES;
				CLANG_WARN_CONSTANT_CONVERSION = YES;
				CLANG_WARN_DEPRECATED_OBJC_IMPLEMENTATIONS = YES;
				CLANG_WARN_DIRECT_OBJC_ISA_USAGE = YES_ERROR;
				CLANG_WARN_DOCUMENTATION_COMMENTS = YES;
				CLANG_WARN_EMPTY_BODY = YES;
				CLANG_WARN_ENUM_CONVERSION = YES;
				CLANG_WARN_INFINITE_RECURSION = YES;
				CLANG_WARN_INT_CONVERSION = YES;
				CLANG_WARN_NON_LITERAL_NULL_CONVERSION = YES;
				CLANG_WARN_OBJC_IMPLICIT_RETAIN_SELF = YES;
				CLANG_WARN_OBJC_LITERAL_CONVERSION = YES;
				CLANG_WARN_OBJC_ROOT_CLASS = YES_ERROR;
				CLANG_WARN_QUOTED_INCLUDE_IN_FRAMEWORK_HEADER = YES;
				CLANG_WARN_RANGE_LOOP_ANALYSIS = YES;
				CLANG_WARN_STRICT_PROTOTYPES = YES;
				CLANG_WARN_SUSPICIOUS_MOVE = YES;
				CLANG_WARN_UNGUARDED_AVAILABILITY = YES_AGGRESSIVE;
				CLANG_WARN_UNREACHABLE_CODE = YES;
				CLANG_WARN__DUPLICATE_METHOD_MATCH = YES;
				COPY_PHASE_STRIP = NO;
				DEBUG_INFORMATION_FORMAT = dwarf;
				ENABLE_STRICT_OBJC_MSGSEND = YES;
				ENABLE_TESTABILITY = YES;
				GCC_C_LANGUAGE_STANDARD = gnu11;
				GCC_DYNAMIC_NO_PIC = NO;
				GCC_NO_COMMON_BLOCKS = YES;
				GCC_OPTIMIZATION_LEVEL = 0;
				GCC_PREPROCESSOR_DEFINITIONS = (
					"DEBUG=1",
					"$(inherited)",
				);
				GCC_WARN_64_TO_32_BIT_CONVERSION = YES;
				GCC_WARN_ABOUT_RETURN_TYPE = YES_ERROR;
				GCC_WARN_UNDECLARED_SELECTOR = YES;
				GCC_WARN_UNINITIALIZED_AUTOS = YES_AGGRESSIVE;
				GCC_WARN_UNUSED_FUNCTION = YES;
				GCC_WARN_UNUSED_VARIABLE = YES;
				IPHONEOS_DEPLOYMENT_TARGET = 15.2;
				MTL_ENABLE_DEBUG_INFO = INCLUDE_SOURCE;
				MTL_FAST_MATH = YES;
				ONLY_ACTIVE_ARCH = YES;
				SDKROOT = iphoneos;
				SWIFT_ACTIVE_COMPILATION_CONDITIONS = DEBUG;
				SWIFT_OPTIMIZATION_LEVEL = "-Onone";
			};
			name = Debug;
		};
		B2070C7227DB7EF400BF91A5 /* Release */ = {
			isa = XCBuildConfiguration;
			buildSettings = {
				ALWAYS_SEARCH_USER_PATHS = NO;
				CLANG_ANALYZER_NONNULL = YES;
				CLANG_ANALYZER_NUMBER_OBJECT_CONVERSION = YES_AGGRESSIVE;
				CLANG_CXX_LANGUAGE_STANDARD = "gnu++17";
				CLANG_CXX_LIBRARY = "libc++";
				CLANG_ENABLE_MODULES = YES;
				CLANG_ENABLE_OBJC_ARC = YES;
				CLANG_ENABLE_OBJC_WEAK = YES;
				CLANG_WARN_BLOCK_CAPTURE_AUTORELEASING = YES;
				CLANG_WARN_BOOL_CONVERSION = YES;
				CLANG_WARN_COMMA = YES;
				CLANG_WARN_CONSTANT_CONVERSION = YES;
				CLANG_WARN_DEPRECATED_OBJC_IMPLEMENTATIONS = YES;
				CLANG_WARN_DIRECT_OBJC_ISA_USAGE = YES_ERROR;
				CLANG_WARN_DOCUMENTATION_COMMENTS = YES;
				CLANG_WARN_EMPTY_BODY = YES;
				CLANG_WARN_ENUM_CONVERSION = YES;
				CLANG_WARN_INFINITE_RECURSION = YES;
				CLANG_WARN_INT_CONVERSION = YES;
				CLANG_WARN_NON_LITERAL_NULL_CONVERSION = YES;
				CLANG_WARN_OBJC_IMPLICIT_RETAIN_SELF = YES;
				CLANG_WARN_OBJC_LITERAL_CONVERSION = YES;
				CLANG_WARN_OBJC_ROOT_CLASS = YES_ERROR;
				CLANG_WARN_QUOTED_INCLUDE_IN_FRAMEWORK_HEADER = YES;
				CLANG_WARN_RANGE_LOOP_ANALYSIS = YES;
				CLANG_WARN_STRICT_PROTOTYPES = YES;
				CLANG_WARN_SUSPICIOUS_MOVE = YES;
				CLANG_WARN_UNGUARDED_AVAILABILITY = YES_AGGRESSIVE;
				CLANG_WARN_UNREACHABLE_CODE = YES;
				CLANG_WARN__DUPLICATE_METHOD_MATCH = YES;
				COPY_PHASE_STRIP = NO;
				DEBUG_INFORMATION_FORMAT = "dwarf-with-dsym";
				ENABLE_NS_ASSERTIONS = NO;
				ENABLE_STRICT_OBJC_MSGSEND = YES;
				GCC_C_LANGUAGE_STANDARD = gnu11;
				GCC_NO_COMMON_BLOCKS = YES;
				GCC_WARN_64_TO_32_BIT_CONVERSION = YES;
				GCC_WARN_ABOUT_RETURN_TYPE = YES_ERROR;
				GCC_WARN_UNDECLARED_SELECTOR = YES;
				GCC_WARN_UNINITIALIZED_AUTOS = YES_AGGRESSIVE;
				GCC_WARN_UNUSED_FUNCTION = YES;
				GCC_WARN_UNUSED_VARIABLE = YES;
				IPHONEOS_DEPLOYMENT_TARGET = 15.2;
				MTL_ENABLE_DEBUG_INFO = NO;
				MTL_FAST_MATH = YES;
				SDKROOT = iphoneos;
				SWIFT_COMPILATION_MODE = wholemodule;
				SWIFT_OPTIMIZATION_LEVEL = "-O";
				VALIDATE_PRODUCT = YES;
			};
			name = Release;
		};
		B2070C7427DB7EF400BF91A5 /* Debug */ = {
			isa = XCBuildConfiguration;
			buildSettings = {
				ASSETCATALOG_COMPILER_APPICON_NAME = AppIcon;
				ASSETCATALOG_COMPILER_GLOBAL_ACCENT_COLOR_NAME = AccentColor;
				CODE_SIGN_STYLE = Automatic;
				CURRENT_PROJECT_VERSION = 1;
				DEVELOPMENT_TEAM = 9WTXG2G2BJ;
				GENERATE_INFOPLIST_FILE = YES;
				INFOPLIST_FILE = LoadViewControllers/Info.plist;
				INFOPLIST_KEY_UIApplicationSupportsIndirectInputEvents = YES;
				INFOPLIST_KEY_UILaunchStoryboardName = LaunchScreen;
				INFOPLIST_KEY_UIMainStoryboardFile = Main;
				INFOPLIST_KEY_UISupportedInterfaceOrientations_iPad = "UIInterfaceOrientationPortrait UIInterfaceOrientationPortraitUpsideDown UIInterfaceOrientationLandscapeLeft UIInterfaceOrientationLandscapeRight";
				INFOPLIST_KEY_UISupportedInterfaceOrientations_iPhone = "UIInterfaceOrientationPortrait UIInterfaceOrientationLandscapeLeft UIInterfaceOrientationLandscapeRight";
				LD_RUNPATH_SEARCH_PATHS = (
					"$(inherited)",
					"@executable_path/Frameworks",
				);
				MARKETING_VERSION = 1.0;
				PRODUCT_BUNDLE_IDENTIFIER = tech.diayansiat.LoadViewControllers;
				PRODUCT_NAME = "$(TARGET_NAME)";
				SWIFT_EMIT_LOC_STRINGS = YES;
				SWIFT_VERSION = 5.0;
				TARGETED_DEVICE_FAMILY = "1,2";
			};
			name = Debug;
		};
		B2070C7527DB7EF400BF91A5 /* Release */ = {
			isa = XCBuildConfiguration;
			buildSettings = {
				ASSETCATALOG_COMPILER_APPICON_NAME = AppIcon;
				ASSETCATALOG_COMPILER_GLOBAL_ACCENT_COLOR_NAME = AccentColor;
				CODE_SIGN_STYLE = Automatic;
				CURRENT_PROJECT_VERSION = 1;
				DEVELOPMENT_TEAM = 9WTXG2G2BJ;
				GENERATE_INFOPLIST_FILE = YES;
				INFOPLIST_FILE = LoadViewControllers/Info.plist;
				INFOPLIST_KEY_UIApplicationSupportsIndirectInputEvents = YES;
				INFOPLIST_KEY_UILaunchStoryboardName = LaunchScreen;
				INFOPLIST_KEY_UIMainStoryboardFile = Main;
				INFOPLIST_KEY_UISupportedInterfaceOrientations_iPad = "UIInterfaceOrientationPortrait UIInterfaceOrientationPortraitUpsideDown UIInterfaceOrientationLandscapeLeft UIInterfaceOrientationLandscapeRight";
				INFOPLIST_KEY_UISupportedInterfaceOrientations_iPhone = "UIInterfaceOrientationPortrait UIInterfaceOrientationLandscapeLeft UIInterfaceOrientationLandscapeRight";
				LD_RUNPATH_SEARCH_PATHS = (
					"$(inherited)",
					"@executable_path/Frameworks",
				);
				MARKETING_VERSION = 1.0;
				PRODUCT_BUNDLE_IDENTIFIER = tech.diayansiat.LoadViewControllers;
				PRODUCT_NAME = "$(TARGET_NAME)";
				SWIFT_EMIT_LOC_STRINGS = YES;
				SWIFT_VERSION = 5.0;
				TARGETED_DEVICE_FAMILY = "1,2";
			};
			name = Release;
		};
		B2C1E08127DED3500080B5E0 /* Debug */ = {
			isa = XCBuildConfiguration;
			buildSettings = {
				BUNDLE_LOADER = "$(TEST_HOST)";
				CODE_SIGN_STYLE = Automatic;
				CURRENT_PROJECT_VERSION = 1;
				DEVELOPMENT_TEAM = 9WTXG2G2BJ;
				GENERATE_INFOPLIST_FILE = YES;
				MARKETING_VERSION = 1.0;
				PRODUCT_BUNDLE_IDENTIFIER = tech.diayansiat.StoryboardBasedViewControllerTests;
				PRODUCT_NAME = "$(TARGET_NAME)";
				SWIFT_EMIT_LOC_STRINGS = NO;
				SWIFT_VERSION = 5.0;
				TARGETED_DEVICE_FAMILY = "1,2";
				TEST_HOST = "$(BUILT_PRODUCTS_DIR)/LoadViewControllers.app/LoadViewControllers";
			};
			name = Debug;
		};
		B2C1E08227DED3500080B5E0 /* Release */ = {
			isa = XCBuildConfiguration;
			buildSettings = {
				BUNDLE_LOADER = "$(TEST_HOST)";
				CODE_SIGN_STYLE = Automatic;
				CURRENT_PROJECT_VERSION = 1;
				DEVELOPMENT_TEAM = 9WTXG2G2BJ;
				GENERATE_INFOPLIST_FILE = YES;
				MARKETING_VERSION = 1.0;
				PRODUCT_BUNDLE_IDENTIFIER = tech.diayansiat.StoryboardBasedViewControllerTests;
				PRODUCT_NAME = "$(TARGET_NAME)";
				SWIFT_EMIT_LOC_STRINGS = NO;
				SWIFT_VERSION = 5.0;
				TARGETED_DEVICE_FAMILY = "1,2";
				TEST_HOST = "$(BUILT_PRODUCTS_DIR)/LoadViewControllers.app/LoadViewControllers";
			};
			name = Release;
		};
		B2C1E09227DEDBCE0080B5E0 /* Debug */ = {
			isa = XCBuildConfiguration;
			buildSettings = {
				BUNDLE_LOADER = "$(TEST_HOST)";
				CODE_SIGN_STYLE = Automatic;
				CURRENT_PROJECT_VERSION = 1;
				DEVELOPMENT_TEAM = 9WTXG2G2BJ;
				GENERATE_INFOPLIST_FILE = YES;
				MARKETING_VERSION = 1.0;
				PRODUCT_BUNDLE_IDENTIFIER = tech.diayansiat.XIBBasedViewControllersTests;
				PRODUCT_NAME = "$(TARGET_NAME)";
				SWIFT_EMIT_LOC_STRINGS = NO;
				SWIFT_VERSION = 5.0;
				TARGETED_DEVICE_FAMILY = "1,2";
				TEST_HOST = "$(BUILT_PRODUCTS_DIR)/LoadViewControllers.app/LoadViewControllers";
			};
			name = Debug;
		};
		B2C1E09327DEDBCE0080B5E0 /* Release */ = {
			isa = XCBuildConfiguration;
			buildSettings = {
				BUNDLE_LOADER = "$(TEST_HOST)";
				CODE_SIGN_STYLE = Automatic;
				CURRENT_PROJECT_VERSION = 1;
				DEVELOPMENT_TEAM = 9WTXG2G2BJ;
				GENERATE_INFOPLIST_FILE = YES;
				MARKETING_VERSION = 1.0;
				PRODUCT_BUNDLE_IDENTIFIER = tech.diayansiat.XIBBasedViewControllersTests;
				PRODUCT_NAME = "$(TARGET_NAME)";
				SWIFT_EMIT_LOC_STRINGS = NO;
				SWIFT_VERSION = 5.0;
				TARGETED_DEVICE_FAMILY = "1,2";
				TEST_HOST = "$(BUILT_PRODUCTS_DIR)/LoadViewControllers.app/LoadViewControllers";
			};
			name = Release;
		};
		B2C1E0A127DEE10A0080B5E0 /* Debug */ = {
			isa = XCBuildConfiguration;
			buildSettings = {
				BUNDLE_LOADER = "$(TEST_HOST)";
				CODE_SIGN_STYLE = Automatic;
				CURRENT_PROJECT_VERSION = 1;
				DEVELOPMENT_TEAM = 9WTXG2G2BJ;
				GENERATE_INFOPLIST_FILE = YES;
				MARKETING_VERSION = 1.0;
				PRODUCT_BUNDLE_IDENTIFIER = tech.diayansiat.CodeBasedViewControllersTests;
				PRODUCT_NAME = "$(TARGET_NAME)";
				SWIFT_EMIT_LOC_STRINGS = NO;
				SWIFT_VERSION = 5.0;
				TARGETED_DEVICE_FAMILY = "1,2";
				TEST_HOST = "$(BUILT_PRODUCTS_DIR)/LoadViewControllers.app/LoadViewControllers";
			};
			name = Debug;
		};
		B2C1E0A227DEE10A0080B5E0 /* Release */ = {
			isa = XCBuildConfiguration;
			buildSettings = {
				BUNDLE_LOADER = "$(TEST_HOST)";
				CODE_SIGN_STYLE = Automatic;
				CURRENT_PROJECT_VERSION = 1;
				DEVELOPMENT_TEAM = 9WTXG2G2BJ;
				GENERATE_INFOPLIST_FILE = YES;
				MARKETING_VERSION = 1.0;
				PRODUCT_BUNDLE_IDENTIFIER = tech.diayansiat.CodeBasedViewControllersTests;
				PRODUCT_NAME = "$(TARGET_NAME)";
				SWIFT_EMIT_LOC_STRINGS = NO;
				SWIFT_VERSION = 5.0;
				TARGETED_DEVICE_FAMILY = "1,2";
				TEST_HOST = "$(BUILT_PRODUCTS_DIR)/LoadViewControllers.app/LoadViewControllers";
			};
			name = Release;
		};
/* End XCBuildConfiguration section */

/* Begin XCConfigurationList section */
		B2070C5A27DB7EF200BF91A5 /* Build configuration list for PBXProject "LoadViewControllers" */ = {
			isa = XCConfigurationList;
			buildConfigurations = (
				B2070C7127DB7EF400BF91A5 /* Debug */,
				B2070C7227DB7EF400BF91A5 /* Release */,
			);
			defaultConfigurationIsVisible = 0;
			defaultConfigurationName = Release;
		};
		B2070C7327DB7EF400BF91A5 /* Build configuration list for PBXNativeTarget "LoadViewControllers" */ = {
			isa = XCConfigurationList;
			buildConfigurations = (
				B2070C7427DB7EF400BF91A5 /* Debug */,
				B2070C7527DB7EF400BF91A5 /* Release */,
			);
			defaultConfigurationIsVisible = 0;
			defaultConfigurationName = Release;
		};
		B2C1E08027DED3500080B5E0 /* Build configuration list for PBXNativeTarget "StoryboardBasedViewControllerTests" */ = {
			isa = XCConfigurationList;
			buildConfigurations = (
				B2C1E08127DED3500080B5E0 /* Debug */,
				B2C1E08227DED3500080B5E0 /* Release */,
			);
			defaultConfigurationIsVisible = 0;
			defaultConfigurationName = Release;
		};
		B2C1E09127DEDBCE0080B5E0 /* Build configuration list for PBXNativeTarget "XIBBasedViewControllersTests" */ = {
			isa = XCConfigurationList;
			buildConfigurations = (
				B2C1E09227DEDBCE0080B5E0 /* Debug */,
				B2C1E09327DEDBCE0080B5E0 /* Release */,
			);
			defaultConfigurationIsVisible = 0;
			defaultConfigurationName = Release;
		};
		B2C1E0A027DEE10A0080B5E0 /* Build configuration list for PBXNativeTarget "CodeBasedViewControllersTests" */ = {
			isa = XCConfigurationList;
			buildConfigurations = (
				B2C1E0A127DEE10A0080B5E0 /* Debug */,
				B2C1E0A227DEE10A0080B5E0 /* Release */,
			);
			defaultConfigurationIsVisible = 0;
			defaultConfigurationName = Release;
		};
/* End XCConfigurationList section */
	};
	rootObject = B2070C5727DB7EF200BF91A5 /* Project object */;
}
